
Microsoft Visual Studio Solution File, Format Version 12.00
# Visual Studio Version 17
VisualStudioVersion = 17.4.33205.214
MinimumVisualStudioVersion = 10.0.40219.1
Project("{FAE04EC0-301F-11D3-BF4B-00C04F79EFBC}") = "WinFormsApp_ADOdotNET", "WinFormsApp_ADOdotNET\WinFormsApp_ADOdotNET.csproj", "{2AD0247A-6803-43D8-8997-52235640F425}"
EndProject
Global
	GlobalSection(SolutionConfigurationPlatforms) = preSolution
		Debug|Any CPU = Debug|Any CPU
		Release|Any CPU = Release|Any CPU
	EndGlobalSection
	GlobalSection(ProjectConfigurationPlatforms) = postSolution
		{2AD0247A-6803-43D8-8997-52235640F425}.Debug|Any CPU.ActiveCfg = Debug|Any CPU
		{2AD0247A-6803-43D8-8997-52235640F425}.Debug|Any CPU.Build.0 = Debug|Any CPU
		{2AD0247A-6803-43D8-8997-52235640F425}.Release|Any CPU.ActiveCfg = Release|Any CPU
		{2AD0247A-6803-43D8-8997-52235640F425}.Release|Any CPU.Build.0 = Release|Any CPU
	EndGlobalSection
	GlobalSection(SolutionProperties) = preSolution
		HideSolutionNode = FALSE
	EndGlobalSection
	GlobalSection(ExtensibilityGlobals) = postSolution
		SolutionGuid = {91AE7AE0-ADF6-413F-BD0C-44740305A6D6}
	EndGlobalSection
EndGlobal
